{
  "version": 4,
  "terraform_version": "1.9.8",
  "serial": 22,
  "lineage": "4b39d4a8-a54c-0395-332e-0660f9d1a676",
  "outputs": {},
  "resources": [
    {
      "mode": "managed",
      "type": "azurerm_resource_group",
      "name": "vandamme-rg-01",
      "provider": "provider[\"registry.terraform.io/hashicorp/azurerm\"]",
      "instances": [
        {
          "schema_version": 0,
          "attributes": {
            "id": "/subscriptions/9cce6e20-3b97-4453-a880-2d4a5d1fefdb/resourceGroups/vandamme-rg-production-westeurope-01",
            "location": "westeurope",
            "managed_by": "",
            "name": "vandamme-rg-production-westeurope-01",
            "tags": null,
            "timeouts": null
          },
          "sensitive_attributes": [],
          "private": "eyJlMmJmYjczMC1lY2FhLTExZTYtOGY4OC0zNDM2M2JjN2M0YzAiOnsiY3JlYXRlIjo1NDAwMDAwMDAwMDAwLCJkZWxldGUiOjU0MDAwMDAwMDAwMDAsInJlYWQiOjMwMDAwMDAwMDAwMCwidXBkYXRlIjo1NDAwMDAwMDAwMDAwfX0="
        }
      ]
    },
    {
      "mode": "managed",
      "type": "azurerm_service_plan",
      "name": "vandamme-asp-01",
      "provider": "provider[\"registry.terraform.io/hashicorp/azurerm\"]",
      "instances": [
        {
          "schema_version": 1,
          "attributes": {
            "app_service_environment_id": "",
            "id": "/subscriptions/9cce6e20-3b97-4453-a880-2d4a5d1fefdb/resourceGroups/vandamme-rg-production-westeurope-01/providers/Microsoft.Web/serverFarms/vandamme-asp-production-westeurope-01",
            "kind": "linux",
            "location": "westeurope",
            "maximum_elastic_worker_count": 1,
            "name": "vandamme-asp-production-westeurope-01",
            "os_type": "Linux",
            "per_site_scaling_enabled": false,
            "reserved": true,
            "resource_group_name": "vandamme-rg-production-westeurope-01",
            "sku_name": "F1",
            "tags": null,
            "timeouts": null,
            "worker_count": 1,
            "zone_balancing_enabled": false
          },
          "sensitive_attributes": [],
          "private": "eyJlMmJmYjczMC1lY2FhLTExZTYtOGY4OC0zNDM2M2JjN2M0YzAiOnsiY3JlYXRlIjozNjAwMDAwMDAwMDAwLCJkZWxldGUiOjM2MDAwMDAwMDAwMDAsInJlYWQiOjMwMDAwMDAwMDAwMCwidXBkYXRlIjozNjAwMDAwMDAwMDAwfSwic2NoZW1hX3ZlcnNpb24iOiIxIn0=",
          "dependencies": [
            "azurerm_resource_group.vandamme-rg-01"
          ]
        }
      ]
    },
    {
      "mode": "managed",
      "type": "azurerm_subnet",
      "name": "vandamme-subnet-01",
      "provider": "provider[\"registry.terraform.io/hashicorp/azurerm\"]",
      "instances": [
        {
          "schema_version": 0,
          "attributes": {
            "address_prefixes": [
              "172.16.35.0/24"
            ],
            "default_outbound_access_enabled": true,
            "delegation": [],
            "id": "/subscriptions/9cce6e20-3b97-4453-a880-2d4a5d1fefdb/resourceGroups/vandamme-rg-production-westeurope-01/providers/Microsoft.Network/virtualNetworks/vandamme-vnet-production-westeurope-01/subnets/vandamme-subnet-production-westeurope-01",
            "name": "vandamme-subnet-production-westeurope-01",
            "private_endpoint_network_policies": "Disabled",
            "private_link_service_network_policies_enabled": true,
            "resource_group_name": "vandamme-rg-production-westeurope-01",
            "service_endpoint_policy_ids": null,
            "service_endpoints": null,
            "timeouts": null,
            "virtual_network_name": "vandamme-vnet-production-westeurope-01"
          },
          "sensitive_attributes": [],
          "private": "eyJlMmJmYjczMC1lY2FhLTExZTYtOGY4OC0zNDM2M2JjN2M0YzAiOnsiY3JlYXRlIjoxODAwMDAwMDAwMDAwLCJkZWxldGUiOjE4MDAwMDAwMDAwMDAsInJlYWQiOjMwMDAwMDAwMDAwMCwidXBkYXRlIjoxODAwMDAwMDAwMDAwfX0=",
          "dependencies": [
            "azurerm_resource_group.vandamme-rg-01",
            "azurerm_virtual_network.vandamme-vnet-01"
          ]
        }
      ]
    },
    {
      "mode": "managed",
      "type": "azurerm_virtual_network",
      "name": "vandamme-vnet-01",
      "provider": "provider[\"registry.terraform.io/hashicorp/azurerm\"]",
      "instances": [
        {
          "schema_version": 0,
          "attributes": {
            "address_space": [
              "172.16.0.0/16"
            ],
            "bgp_community": "",
            "ddos_protection_plan": [],
            "dns_servers": [],
            "edge_zone": "",
            "encryption": [],
            "flow_timeout_in_minutes": 0,
            "guid": "e3ad2964-de34-495e-bf39-804d8d89426c",
            "id": "/subscriptions/9cce6e20-3b97-4453-a880-2d4a5d1fefdb/resourceGroups/vandamme-rg-production-westeurope-01/providers/Microsoft.Network/virtualNetworks/vandamme-vnet-production-westeurope-01",
            "location": "westeurope",
            "name": "vandamme-vnet-production-westeurope-01",
            "resource_group_name": "vandamme-rg-production-westeurope-01",
            "subnet": [],
            "tags": null,
            "timeouts": null
          },
          "sensitive_attributes": [],
          "private": "eyJlMmJmYjczMC1lY2FhLTExZTYtOGY4OC0zNDM2M2JjN2M0YzAiOnsiY3JlYXRlIjoxODAwMDAwMDAwMDAwLCJkZWxldGUiOjE4MDAwMDAwMDAwMDAsInJlYWQiOjMwMDAwMDAwMDAwMCwidXBkYXRlIjoxODAwMDAwMDAwMDAwfX0=",
          "dependencies": [
            "azurerm_resource_group.vandamme-rg-01"
          ]
        }
      ]
    }
  ],
  "check_results": null
}
