{
  "version": 4,
  "terraform_version": "1.9.8",
  "serial": 24,
  "lineage": "4b39d4a8-a54c-0395-332e-0660f9d1a676",
  "outputs": {},
  "resources": [
    {
      "mode": "managed",
      "type": "azurerm_linux_web_app",
      "name": "vandamme-as-01",
      "provider": "provider[\"registry.terraform.io/hashicorp/azurerm\"]",
      "instances": [
        {
          "schema_version": 1,
          "attributes": {
            "app_settings": null,
            "auth_settings": [],
            "auth_settings_v2": [],
            "backup": [],
            "client_affinity_enabled": false,
            "client_certificate_enabled": false,
            "client_certificate_exclusion_paths": "",
            "client_certificate_mode": "Required",
            "connection_string": [],
            "custom_domain_verification_id": "CEF37FB197681903FB40594D8FC34286BDB6F1BE332329BADDDFDD5DB2159F99",
            "default_hostname": "vandamme-as-production-westeurope-01.azurewebsites.net",
            "enabled": true,
            "ftp_publish_basic_authentication_enabled": true,
            "hosting_environment_id": "",
            "https_only": true,
            "id": "/subscriptions/9cce6e20-3b97-4453-a880-2d4a5d1fefdb/resourceGroups/vandamme-rg-production-westeurope-01/providers/Microsoft.Web/sites/vandamme-as-production-westeurope-01",
            "identity": [],
            "key_vault_reference_identity_id": "SystemAssigned",
            "kind": "app,linux",
            "location": "westeurope",
            "logs": [],
            "name": "vandamme-as-production-westeurope-01",
            "outbound_ip_address_list": [
              "20.126.186.140",
              "20.126.186.234",
              "20.126.187.62",
              "20.126.189.34",
              "20.126.189.96",
              "20.126.189.106",
              "20.105.224.13"
            ],
            "outbound_ip_addresses": "20.126.186.140,20.126.186.234,20.126.187.62,20.126.189.34,20.126.189.96,20.126.189.106,20.105.224.13",
            "possible_outbound_ip_address_list": [
              "20.126.186.140",
              "20.126.186.234",
              "20.126.187.62",
              "20.126.189.34",
              "20.126.189.96",
              "20.126.189.106",
              "20.93.226.173",
              "20.93.230.228",
              "20.126.190.33",
              "20.126.190.133",
              "20.126.190.152",
              "20.126.190.182",
              "20.126.190.223",
              "20.126.191.15",
              "20.126.191.61",
              "20.126.191.137",
              "20.126.191.196",
              "20.31.104.72",
              "20.31.104.224",
              "20.31.105.33",
              "20.31.105.182",
              "20.31.106.1",
              "20.31.106.121",
              "20.31.106.237",
              "20.105.224.13"
            ],
            "possible_outbound_ip_addresses": "20.126.186.140,20.126.186.234,20.126.187.62,20.126.189.34,20.126.189.96,20.126.189.106,20.93.226.173,20.93.230.228,20.126.190.33,20.126.190.133,20.126.190.152,20.126.190.182,20.126.190.223,20.126.191.15,20.126.191.61,20.126.191.137,20.126.191.196,20.31.104.72,20.31.104.224,20.31.105.33,20.31.105.182,20.31.106.1,20.31.106.121,20.31.106.237,20.105.224.13",
            "public_network_access_enabled": true,
            "resource_group_name": "vandamme-rg-production-westeurope-01",
            "service_plan_id": "/subscriptions/9cce6e20-3b97-4453-a880-2d4a5d1fefdb/resourceGroups/vandamme-rg-production-westeurope-01/providers/Microsoft.Web/serverFarms/vandamme-asp-production-westeurope-01",
            "site_config": [
              {
                "always_on": false,
                "api_definition_url": "",
                "api_management_api_id": "",
                "app_command_line": "",
                "application_stack": [
                  {
                    "docker_image_name": "",
                    "docker_registry_password": "",
                    "docker_registry_url": "",
                    "docker_registry_username": "",
                    "dotnet_version": "8.0",
                    "go_version": "",
                    "java_server": "",
                    "java_server_version": "",
                    "java_version": "",
                    "node_version": "",
                    "php_version": "",
                    "python_version": "",
                    "ruby_version": ""
                  }
                ],
                "auto_heal_setting": [],
                "container_registry_managed_identity_client_id": "",
                "container_registry_use_managed_identity": false,
                "cors": [],
                "default_documents": [
                  "Default.htm",
                  "Default.html",
                  "Default.asp",
                  "index.htm",
                  "index.html",
                  "iisstart.htm",
                  "default.aspx",
                  "index.php",
                  "hostingstart.html"
                ],
                "detailed_error_logging_enabled": false,
                "ftps_state": "Disabled",
                "health_check_eviction_time_in_min": 0,
                "health_check_path": "",
                "http2_enabled": false,
                "ip_restriction": [],
                "ip_restriction_default_action": "Allow",
                "linux_fx_version": "DOTNETCORE|8.0",
                "load_balancing_mode": "LeastRequests",
                "local_mysql_enabled": false,
                "managed_pipeline_mode": "Integrated",
                "minimum_tls_version": "1.2",
                "remote_debugging_enabled": false,
                "remote_debugging_version": "VS2022",
                "scm_ip_restriction": [],
                "scm_ip_restriction_default_action": "Allow",
                "scm_minimum_tls_version": "1.2",
                "scm_type": "None",
                "scm_use_main_ip_restriction": false,
                "use_32_bit_worker": true,
                "vnet_route_all_enabled": false,
                "websockets_enabled": false,
                "worker_count": 1
              }
            ],
            "site_credential": [
              {
                "name": "$vandamme-as-production-westeurope-01",
                "password": "pcxrECvsY2bgqP1kvJR05fWsHZwhDaGWHDvl12kMdw0ywlKizLL5zhSKn0zJ"
              }
            ],
            "sticky_settings": [],
            "storage_account": [],
            "tags": null,
            "timeouts": null,
            "virtual_network_subnet_id": "",
            "webdeploy_publish_basic_authentication_enabled": true,
            "zip_deploy_file": ""
          },
          "sensitive_attributes": [
            [
              {
                "type": "get_attr",
                "value": "custom_domain_verification_id"
              }
            ],
            [
              {
                "type": "get_attr",
                "value": "site_credential"
              }
            ],
            [
              {
                "type": "get_attr",
                "value": "site_config"
              },
              {
                "type": "index",
                "value": {
                  "value": 0,
                  "type": "number"
                }
              },
              {
                "type": "get_attr",
                "value": "application_stack"
              },
              {
                "type": "index",
                "value": {
                  "value": 0,
                  "type": "number"
                }
              },
              {
                "type": "get_attr",
                "value": "docker_registry_password"
              }
            ]
          ],
          "private": "eyJlMmJmYjczMC1lY2FhLTExZTYtOGY4OC0zNDM2M2JjN2M0YzAiOnsiY3JlYXRlIjoxODAwMDAwMDAwMDAwLCJkZWxldGUiOjE4MDAwMDAwMDAwMDAsInJlYWQiOjMwMDAwMDAwMDAwMCwidXBkYXRlIjoxODAwMDAwMDAwMDAwfSwic2NoZW1hX3ZlcnNpb24iOiIxIn0=",
          "dependencies": [
            "azurerm_resource_group.vandamme-rg-01",
            "azurerm_service_plan.vandamme-asp-01"
          ]
        }
      ]
    },
    {
      "mode": "managed",
      "type": "azurerm_resource_group",
      "name": "vandamme-rg-01",
      "provider": "provider[\"registry.terraform.io/hashicorp/azurerm\"]",
      "instances": [
        {
          "schema_version": 0,
          "attributes": {
            "id": "/subscriptions/9cce6e20-3b97-4453-a880-2d4a5d1fefdb/resourceGroups/vandamme-rg-production-westeurope-01",
            "location": "westeurope",
            "managed_by": "",
            "name": "vandamme-rg-production-westeurope-01",
            "tags": {},
            "timeouts": null
          },
          "sensitive_attributes": [],
          "private": "eyJlMmJmYjczMC1lY2FhLTExZTYtOGY4OC0zNDM2M2JjN2M0YzAiOnsiY3JlYXRlIjo1NDAwMDAwMDAwMDAwLCJkZWxldGUiOjU0MDAwMDAwMDAwMDAsInJlYWQiOjMwMDAwMDAwMDAwMCwidXBkYXRlIjo1NDAwMDAwMDAwMDAwfX0="
        }
      ]
    },
    {
      "mode": "managed",
      "type": "azurerm_service_plan",
      "name": "vandamme-asp-01",
      "provider": "provider[\"registry.terraform.io/hashicorp/azurerm\"]",
      "instances": [
        {
          "schema_version": 1,
          "attributes": {
            "app_service_environment_id": "",
            "id": "/subscriptions/9cce6e20-3b97-4453-a880-2d4a5d1fefdb/resourceGroups/vandamme-rg-production-westeurope-01/providers/Microsoft.Web/serverFarms/vandamme-asp-production-westeurope-01",
            "kind": "linux",
            "location": "westeurope",
            "maximum_elastic_worker_count": 1,
            "name": "vandamme-asp-production-westeurope-01",
            "os_type": "Linux",
            "per_site_scaling_enabled": false,
            "reserved": true,
            "resource_group_name": "vandamme-rg-production-westeurope-01",
            "sku_name": "F1",
            "tags": {},
            "timeouts": null,
            "worker_count": 1,
            "zone_balancing_enabled": false
          },
          "sensitive_attributes": [],
          "private": "eyJlMmJmYjczMC1lY2FhLTExZTYtOGY4OC0zNDM2M2JjN2M0YzAiOnsiY3JlYXRlIjozNjAwMDAwMDAwMDAwLCJkZWxldGUiOjM2MDAwMDAwMDAwMDAsInJlYWQiOjMwMDAwMDAwMDAwMCwidXBkYXRlIjozNjAwMDAwMDAwMDAwfSwic2NoZW1hX3ZlcnNpb24iOiIxIn0=",
          "dependencies": [
            "azurerm_resource_group.vandamme-rg-01"
          ]
        }
      ]
    },
    {
      "mode": "managed",
      "type": "azurerm_subnet",
      "name": "vandamme-subnet-01",
      "provider": "provider[\"registry.terraform.io/hashicorp/azurerm\"]",
      "instances": [
        {
          "schema_version": 0,
          "attributes": {
            "address_prefixes": [
              "172.16.35.0/24"
            ],
            "default_outbound_access_enabled": true,
            "delegation": [],
            "id": "/subscriptions/9cce6e20-3b97-4453-a880-2d4a5d1fefdb/resourceGroups/vandamme-rg-production-westeurope-01/providers/Microsoft.Network/virtualNetworks/vandamme-vnet-production-westeurope-01/subnets/vandamme-subnet-production-westeurope-01",
            "name": "vandamme-subnet-production-westeurope-01",
            "private_endpoint_network_policies": "Disabled",
            "private_link_service_network_policies_enabled": true,
            "resource_group_name": "vandamme-rg-production-westeurope-01",
            "service_endpoint_policy_ids": [],
            "service_endpoints": [],
            "timeouts": null,
            "virtual_network_name": "vandamme-vnet-production-westeurope-01"
          },
          "sensitive_attributes": [],
          "private": "eyJlMmJmYjczMC1lY2FhLTExZTYtOGY4OC0zNDM2M2JjN2M0YzAiOnsiY3JlYXRlIjoxODAwMDAwMDAwMDAwLCJkZWxldGUiOjE4MDAwMDAwMDAwMDAsInJlYWQiOjMwMDAwMDAwMDAwMCwidXBkYXRlIjoxODAwMDAwMDAwMDAwfX0=",
          "dependencies": [
            "azurerm_resource_group.vandamme-rg-01",
            "azurerm_virtual_network.vandamme-vnet-01"
          ]
        }
      ]
    },
    {
      "mode": "managed",
      "type": "azurerm_virtual_network",
      "name": "vandamme-vnet-01",
      "provider": "provider[\"registry.terraform.io/hashicorp/azurerm\"]",
      "instances": [
        {
          "schema_version": 0,
          "attributes": {
            "address_space": [
              "172.16.0.0/16"
            ],
            "bgp_community": "",
            "ddos_protection_plan": [],
            "dns_servers": [],
            "edge_zone": "",
            "encryption": [],
            "flow_timeout_in_minutes": 0,
            "guid": "e3ad2964-de34-495e-bf39-804d8d89426c",
            "id": "/subscriptions/9cce6e20-3b97-4453-a880-2d4a5d1fefdb/resourceGroups/vandamme-rg-production-westeurope-01/providers/Microsoft.Network/virtualNetworks/vandamme-vnet-production-westeurope-01",
            "location": "westeurope",
            "name": "vandamme-vnet-production-westeurope-01",
            "resource_group_name": "vandamme-rg-production-westeurope-01",
            "subnet": [
              {
                "address_prefixes": [
                  "172.16.35.0/24"
                ],
                "default_outbound_access_enabled": true,
                "delegation": [],
                "id": "/subscriptions/9cce6e20-3b97-4453-a880-2d4a5d1fefdb/resourceGroups/vandamme-rg-production-westeurope-01/providers/Microsoft.Network/virtualNetworks/vandamme-vnet-production-westeurope-01/subnets/vandamme-subnet-production-westeurope-01",
                "name": "vandamme-subnet-production-westeurope-01",
                "private_endpoint_network_policies": "Disabled",
                "private_link_service_network_policies_enabled": true,
                "route_table_id": "",
                "security_group": "",
                "service_endpoint_policy_ids": [],
                "service_endpoints": []
              }
            ],
            "tags": {},
            "timeouts": null
          },
          "sensitive_attributes": [],
          "private": "eyJlMmJmYjczMC1lY2FhLTExZTYtOGY4OC0zNDM2M2JjN2M0YzAiOnsiY3JlYXRlIjoxODAwMDAwMDAwMDAwLCJkZWxldGUiOjE4MDAwMDAwMDAwMDAsInJlYWQiOjMwMDAwMDAwMDAwMCwidXBkYXRlIjoxODAwMDAwMDAwMDAwfX0=",
          "dependencies": [
            "azurerm_resource_group.vandamme-rg-01"
          ]
        }
      ]
    }
  ],
  "check_results": null
}
