{
  "version": 4,
  "terraform_version": "1.9.8",
  "serial": 6,
  "lineage": "64003729-36d7-e7e0-454c-213fccb73b7e",
  "outputs": {},
  "resources": [
    {
      "mode": "managed",
      "type": "azurerm_linux_web_app",
      "name": "vandamme-as-01",
      "provider": "provider[\"registry.terraform.io/hashicorp/azurerm\"]",
      "instances": [
        {
          "schema_version": 1,
          "attributes": {
            "app_settings": null,
            "auth_settings": [],
            "auth_settings_v2": [],
            "backup": [],
            "client_affinity_enabled": false,
            "client_certificate_enabled": false,
            "client_certificate_exclusion_paths": "",
            "client_certificate_mode": "Required",
            "connection_string": [],
            "custom_domain_verification_id": "CEF37FB197681903FB40594D8FC34286BDB6F1BE332329BADDDFDD5DB2159F99",
            "default_hostname": "vandamme-as-staging-westeurope-01.azurewebsites.net",
            "enabled": true,
            "ftp_publish_basic_authentication_enabled": true,
            "hosting_environment_id": "",
            "https_only": true,
            "id": "/subscriptions/9cce6e20-3b97-4453-a880-2d4a5d1fefdb/resourceGroups/vandamme-rg-staging-westeurope-01/providers/Microsoft.Web/sites/vandamme-as-staging-westeurope-01",
            "identity": [],
            "key_vault_reference_identity_id": "SystemAssigned",
            "kind": "app,linux",
            "location": "westeurope",
            "logs": [],
            "name": "vandamme-as-staging-westeurope-01",
            "outbound_ip_address_list": [
              "4.175.0.249",
              "4.175.1.22",
              "4.175.1.104",
              "4.175.1.133",
              "4.175.1.135",
              "4.175.1.137",
              "20.103.18.63",
              "20.23.161.189",
              "20.23.162.156",
              "20.23.163.101",
              "20.23.163.245",
              "20.23.164.136",
              "20.105.232.41"
            ],
            "outbound_ip_addresses": "4.175.0.249,4.175.1.22,4.175.1.104,4.175.1.133,4.175.1.135,4.175.1.137,20.103.18.63,20.23.161.189,20.23.162.156,20.23.163.101,20.23.163.245,20.23.164.136,20.105.232.41",
            "possible_outbound_ip_address_list": [
              "4.175.0.249",
              "4.175.1.22",
              "4.175.1.104",
              "4.175.1.133",
              "4.175.1.135",
              "4.175.1.137",
              "20.103.18.63",
              "20.23.161.189",
              "20.23.162.156",
              "20.23.163.101",
              "20.23.163.245",
              "20.23.164.136",
              "20.23.166.212",
              "20.4.153.200",
              "20.4.157.103",
              "20.4.157.242",
              "20.4.158.27",
              "20.4.158.67",
              "20.4.158.224",
              "20.4.159.34",
              "20.4.159.50",
              "20.4.159.223",
              "4.175.0.174",
              "4.175.0.188",
              "4.175.1.219",
              "4.175.2.19",
              "4.175.2.28",
              "4.175.2.30",
              "4.175.2.33",
              "4.175.2.41",
              "20.105.232.41"
            ],
            "possible_outbound_ip_addresses": "4.175.0.249,4.175.1.22,4.175.1.104,4.175.1.133,4.175.1.135,4.175.1.137,20.103.18.63,20.23.161.189,20.23.162.156,20.23.163.101,20.23.163.245,20.23.164.136,20.23.166.212,20.4.153.200,20.4.157.103,20.4.157.242,20.4.158.27,20.4.158.67,20.4.158.224,20.4.159.34,20.4.159.50,20.4.159.223,4.175.0.174,4.175.0.188,4.175.1.219,4.175.2.19,4.175.2.28,4.175.2.30,4.175.2.33,4.175.2.41,20.105.232.41",
            "public_network_access_enabled": true,
            "resource_group_name": "vandamme-rg-staging-westeurope-01",
            "service_plan_id": "/subscriptions/9cce6e20-3b97-4453-a880-2d4a5d1fefdb/resourceGroups/vandamme-rg-staging-westeurope-01/providers/Microsoft.Web/serverFarms/vandamme-asp-staging-westeurope-01",
            "site_config": [
              {
                "always_on": false,
                "api_definition_url": "",
                "api_management_api_id": "",
                "app_command_line": "",
                "application_stack": [
                  {
                    "docker_image_name": "",
                    "docker_registry_password": "",
                    "docker_registry_url": "",
                    "docker_registry_username": "",
                    "dotnet_version": "8.0",
                    "go_version": "",
                    "java_server": "",
                    "java_server_version": "",
                    "java_version": "",
                    "node_version": "",
                    "php_version": "",
                    "python_version": "",
                    "ruby_version": ""
                  }
                ],
                "auto_heal_setting": [],
                "container_registry_managed_identity_client_id": "",
                "container_registry_use_managed_identity": false,
                "cors": [],
                "default_documents": [
                  "Default.htm",
                  "Default.html",
                  "Default.asp",
                  "index.htm",
                  "index.html",
                  "iisstart.htm",
                  "default.aspx",
                  "index.php",
                  "hostingstart.html"
                ],
                "detailed_error_logging_enabled": false,
                "ftps_state": "Disabled",
                "health_check_eviction_time_in_min": 0,
                "health_check_path": "",
                "http2_enabled": false,
                "ip_restriction": [],
                "ip_restriction_default_action": "Allow",
                "linux_fx_version": "DOTNETCORE|8.0",
                "load_balancing_mode": "LeastRequests",
                "local_mysql_enabled": false,
                "managed_pipeline_mode": "Integrated",
                "minimum_tls_version": "1.2",
                "remote_debugging_enabled": false,
                "remote_debugging_version": "VS2022",
                "scm_ip_restriction": [],
                "scm_ip_restriction_default_action": "Allow",
                "scm_minimum_tls_version": "1.2",
                "scm_type": "None",
                "scm_use_main_ip_restriction": false,
                "use_32_bit_worker": true,
                "vnet_route_all_enabled": false,
                "websockets_enabled": false,
                "worker_count": 1
              }
            ],
            "site_credential": [
              {
                "name": "$vandamme-as-staging-westeurope-01",
                "password": "v6w4DymcaxRixux97iRv8JPiLvAacj2kb5nSjmzXCroT3R9c0unayq5ll4Nh"
              }
            ],
            "sticky_settings": [],
            "storage_account": [],
            "tags": null,
            "timeouts": null,
            "virtual_network_subnet_id": "",
            "webdeploy_publish_basic_authentication_enabled": true,
            "zip_deploy_file": ""
          },
          "sensitive_attributes": [
            [
              {
                "type": "get_attr",
                "value": "site_credential"
              }
            ],
            [
              {
                "type": "get_attr",
                "value": "site_config"
              },
              {
                "type": "index",
                "value": {
                  "value": 0,
                  "type": "number"
                }
              },
              {
                "type": "get_attr",
                "value": "application_stack"
              },
              {
                "type": "index",
                "value": {
                  "value": 0,
                  "type": "number"
                }
              },
              {
                "type": "get_attr",
                "value": "docker_registry_password"
              }
            ],
            [
              {
                "type": "get_attr",
                "value": "custom_domain_verification_id"
              }
            ]
          ],
          "private": "eyJlMmJmYjczMC1lY2FhLTExZTYtOGY4OC0zNDM2M2JjN2M0YzAiOnsiY3JlYXRlIjoxODAwMDAwMDAwMDAwLCJkZWxldGUiOjE4MDAwMDAwMDAwMDAsInJlYWQiOjMwMDAwMDAwMDAwMCwidXBkYXRlIjoxODAwMDAwMDAwMDAwfSwic2NoZW1hX3ZlcnNpb24iOiIxIn0=",
          "dependencies": [
            "azurerm_resource_group.vandamme-rg-01",
            "azurerm_service_plan.vandamme-asp-01"
          ]
        }
      ]
    },
    {
      "mode": "managed",
      "type": "azurerm_resource_group",
      "name": "vandamme-rg-01",
      "provider": "provider[\"registry.terraform.io/hashicorp/azurerm\"]",
      "instances": [
        {
          "schema_version": 0,
          "attributes": {
            "id": "/subscriptions/9cce6e20-3b97-4453-a880-2d4a5d1fefdb/resourceGroups/vandamme-rg-staging-westeurope-01",
            "location": "westeurope",
            "managed_by": "",
            "name": "vandamme-rg-staging-westeurope-01",
            "tags": null,
            "timeouts": null
          },
          "sensitive_attributes": [],
          "private": "eyJlMmJmYjczMC1lY2FhLTExZTYtOGY4OC0zNDM2M2JjN2M0YzAiOnsiY3JlYXRlIjo1NDAwMDAwMDAwMDAwLCJkZWxldGUiOjU0MDAwMDAwMDAwMDAsInJlYWQiOjMwMDAwMDAwMDAwMCwidXBkYXRlIjo1NDAwMDAwMDAwMDAwfX0="
        }
      ]
    },
    {
      "mode": "managed",
      "type": "azurerm_service_plan",
      "name": "vandamme-asp-01",
      "provider": "provider[\"registry.terraform.io/hashicorp/azurerm\"]",
      "instances": [
        {
          "schema_version": 1,
          "attributes": {
            "app_service_environment_id": "",
            "id": "/subscriptions/9cce6e20-3b97-4453-a880-2d4a5d1fefdb/resourceGroups/vandamme-rg-staging-westeurope-01/providers/Microsoft.Web/serverFarms/vandamme-asp-staging-westeurope-01",
            "kind": "linux",
            "location": "westeurope",
            "maximum_elastic_worker_count": 1,
            "name": "vandamme-asp-staging-westeurope-01",
            "os_type": "Linux",
            "per_site_scaling_enabled": false,
            "reserved": true,
            "resource_group_name": "vandamme-rg-staging-westeurope-01",
            "sku_name": "F1",
            "tags": null,
            "timeouts": null,
            "worker_count": 1,
            "zone_balancing_enabled": false
          },
          "sensitive_attributes": [],
          "private": "eyJlMmJmYjczMC1lY2FhLTExZTYtOGY4OC0zNDM2M2JjN2M0YzAiOnsiY3JlYXRlIjozNjAwMDAwMDAwMDAwLCJkZWxldGUiOjM2MDAwMDAwMDAwMDAsInJlYWQiOjMwMDAwMDAwMDAwMCwidXBkYXRlIjozNjAwMDAwMDAwMDAwfSwic2NoZW1hX3ZlcnNpb24iOiIxIn0=",
          "dependencies": [
            "azurerm_resource_group.vandamme-rg-01"
          ]
        }
      ]
    },
    {
      "mode": "managed",
      "type": "azurerm_subnet",
      "name": "vandamme-subnet-01",
      "provider": "provider[\"registry.terraform.io/hashicorp/azurerm\"]",
      "instances": [
        {
          "schema_version": 0,
          "attributes": {
            "address_prefixes": [
              "172.16.35.0/24"
            ],
            "default_outbound_access_enabled": true,
            "delegation": [],
            "id": "/subscriptions/9cce6e20-3b97-4453-a880-2d4a5d1fefdb/resourceGroups/vandamme-rg-staging-westeurope-01/providers/Microsoft.Network/virtualNetworks/vandamme-vnet-staging-westeurope-01/subnets/vandamme-subnet-staging-westeurope-01",
            "name": "vandamme-subnet-staging-westeurope-01",
            "private_endpoint_network_policies": "Disabled",
            "private_link_service_network_policies_enabled": true,
            "resource_group_name": "vandamme-rg-staging-westeurope-01",
            "service_endpoint_policy_ids": null,
            "service_endpoints": null,
            "timeouts": null,
            "virtual_network_name": "vandamme-vnet-staging-westeurope-01"
          },
          "sensitive_attributes": [],
          "private": "eyJlMmJmYjczMC1lY2FhLTExZTYtOGY4OC0zNDM2M2JjN2M0YzAiOnsiY3JlYXRlIjoxODAwMDAwMDAwMDAwLCJkZWxldGUiOjE4MDAwMDAwMDAwMDAsInJlYWQiOjMwMDAwMDAwMDAwMCwidXBkYXRlIjoxODAwMDAwMDAwMDAwfX0=",
          "dependencies": [
            "azurerm_resource_group.vandamme-rg-01",
            "azurerm_virtual_network.vandamme-vnet-01"
          ]
        }
      ]
    },
    {
      "mode": "managed",
      "type": "azurerm_virtual_network",
      "name": "vandamme-vnet-01",
      "provider": "provider[\"registry.terraform.io/hashicorp/azurerm\"]",
      "instances": [
        {
          "schema_version": 0,
          "attributes": {
            "address_space": [
              "172.16.0.0/16"
            ],
            "bgp_community": "",
            "ddos_protection_plan": [],
            "dns_servers": [],
            "edge_zone": "",
            "encryption": [],
            "flow_timeout_in_minutes": 0,
            "guid": "9d3997e2-7a57-4ffc-83b1-af85eb088cab",
            "id": "/subscriptions/9cce6e20-3b97-4453-a880-2d4a5d1fefdb/resourceGroups/vandamme-rg-staging-westeurope-01/providers/Microsoft.Network/virtualNetworks/vandamme-vnet-staging-westeurope-01",
            "location": "westeurope",
            "name": "vandamme-vnet-staging-westeurope-01",
            "resource_group_name": "vandamme-rg-staging-westeurope-01",
            "subnet": [],
            "tags": null,
            "timeouts": null
          },
          "sensitive_attributes": [],
          "private": "eyJlMmJmYjczMC1lY2FhLTExZTYtOGY4OC0zNDM2M2JjN2M0YzAiOnsiY3JlYXRlIjoxODAwMDAwMDAwMDAwLCJkZWxldGUiOjE4MDAwMDAwMDAwMDAsInJlYWQiOjMwMDAwMDAwMDAwMCwidXBkYXRlIjoxODAwMDAwMDAwMDAwfX0=",
          "dependencies": [
            "azurerm_resource_group.vandamme-rg-01"
          ]
        }
      ]
    }
  ],
  "check_results": null
}
